
Microsoft Visual Studio Solution File, Format Version 12.00
# Visual Studio 2013
VisualStudioVersion = 12.0.31101.0
MinimumVisualStudioVersion = 10.0.40219.1
Project("{FAE04EC0-301F-11D3-BF4B-00C04F79EFBC}") = "ArduinoScadaManager.Gui", "ArduinoScadaManager.Gui\ArduinoScadaManager.Gui.csproj", "{B47266E1-1654-45E2-A3C0-B5B19D343E32}"
EndProject
Project("{2150E333-8FDC-42A3-9474-1A3956D46DE8}") = "SlaveDevicesModules", "SlaveDevicesModules", "{54A637CF-4A12-43E3-96A8-6EA0D1D9913B}"
EndProject
Project("{FAE04EC0-301F-11D3-BF4B-00C04F79EFBC}") = "ArduinoScadaManager.Common", "ArduinoScadaManager.Common\ArduinoScadaManager.Common.csproj", "{43332A9A-31F8-4354-AE2D-769C68CCC22D}"
EndProject
Project("{FAE04EC0-301F-11D3-BF4B-00C04F79EFBC}") = "WaterPumpModule", "WaterPumpModule\WaterPumpModule.csproj", "{46440617-98B8-4429-83A5-DDF4C63E970E}"
EndProject
Global
	GlobalSection(SolutionConfigurationPlatforms) = preSolution
		Debug|Any CPU = Debug|Any CPU
		Release|Any CPU = Release|Any CPU
	EndGlobalSection
	GlobalSection(ProjectConfigurationPlatforms) = postSolution
		{B47266E1-1654-45E2-A3C0-B5B19D343E32}.Debug|Any CPU.ActiveCfg = Debug|Any CPU
		{B47266E1-1654-45E2-A3C0-B5B19D343E32}.Debug|Any CPU.Build.0 = Debug|Any CPU
		{B47266E1-1654-45E2-A3C0-B5B19D343E32}.Release|Any CPU.ActiveCfg = Release|Any CPU
		{B47266E1-1654-45E2-A3C0-B5B19D343E32}.Release|Any CPU.Build.0 = Release|Any CPU
		{43332A9A-31F8-4354-AE2D-769C68CCC22D}.Debug|Any CPU.ActiveCfg = Debug|Any CPU
		{43332A9A-31F8-4354-AE2D-769C68CCC22D}.Debug|Any CPU.Build.0 = Debug|Any CPU
		{43332A9A-31F8-4354-AE2D-769C68CCC22D}.Release|Any CPU.ActiveCfg = Release|Any CPU
		{43332A9A-31F8-4354-AE2D-769C68CCC22D}.Release|Any CPU.Build.0 = Release|Any CPU
		{46440617-98B8-4429-83A5-DDF4C63E970E}.Debug|Any CPU.ActiveCfg = Debug|Any CPU
		{46440617-98B8-4429-83A5-DDF4C63E970E}.Debug|Any CPU.Build.0 = Debug|Any CPU
		{46440617-98B8-4429-83A5-DDF4C63E970E}.Release|Any CPU.ActiveCfg = Release|Any CPU
		{46440617-98B8-4429-83A5-DDF4C63E970E}.Release|Any CPU.Build.0 = Release|Any CPU
	EndGlobalSection
	GlobalSection(SolutionProperties) = preSolution
		HideSolutionNode = FALSE
	EndGlobalSection
	GlobalSection(NestedProjects) = preSolution
		{46440617-98B8-4429-83A5-DDF4C63E970E} = {54A637CF-4A12-43E3-96A8-6EA0D1D9913B}
	EndGlobalSection
EndGlobal
